
Microsoft Visual Studio Solution File, Format Version 12.00
# Visual Studio Version 17
VisualStudioVersion = 17.4.33213.308
MinimumVisualStudioVersion = 10.0.40219.1
Project("{FAE04EC0-301F-11D3-BF4B-00C04F79EFBC}") = "Ejercicio-T003", "Ejercicio-T003\Ejercicio-T003.csproj", "{974FCC8C-11CB-4BE4-BBBF-D7C6675FC30E}"
EndProject
Global
	GlobalSection(SolutionConfigurationPlatforms) = preSolution
		Debug|Any CPU = Debug|Any CPU
		Release|Any CPU = Release|Any CPU
	EndGlobalSection
	GlobalSection(ProjectConfigurationPlatforms) = postSolution
		{974FCC8C-11CB-4BE4-BBBF-D7C6675FC30E}.Debug|Any CPU.ActiveCfg = Debug|Any CPU
		{974FCC8C-11CB-4BE4-BBBF-D7C6675FC30E}.Debug|Any CPU.Build.0 = Debug|Any CPU
		{974FCC8C-11CB-4BE4-BBBF-D7C6675FC30E}.Release|Any CPU.ActiveCfg = Release|Any CPU
		{974FCC8C-11CB-4BE4-BBBF-D7C6675FC30E}.Release|Any CPU.Build.0 = Release|Any CPU
	EndGlobalSection
	GlobalSection(SolutionProperties) = preSolution
		HideSolutionNode = FALSE
	EndGlobalSection
	GlobalSection(ExtensibilityGlobals) = postSolution
		SolutionGuid = {A309E5B3-3DDF-4C57-AF1A-68C8499F87BA}
	EndGlobalSection
EndGlobal
